
Microsoft Visual Studio Solution File, Format Version 12.00
# Visual Studio Version 17
VisualStudioVersion = 17.14.36414.22 d17.14
MinimumVisualStudioVersion = 10.0.40219.1
Project("{FAE04EC0-301F-11D3-BF4B-00C04F79EFBC}") = "AddinPack", "src\AddinPack\AddinPack.csproj", "{AE5C4E35-A27B-2DF1-D7AB-BD42286E4FD4}"
EndProject
Global
	GlobalSection(SolutionConfigurationPlatforms) = preSolution
		Debug|Any CPU = Debug|Any CPU
		Release|Any CPU = Release|Any CPU
	EndGlobalSection
	GlobalSection(ProjectConfigurationPlatforms) = postSolution
		{AE5C4E35-A27B-2DF1-D7AB-BD42286E4FD4}.Debug|Any CPU.ActiveCfg = Debug|Any CPU
		{AE5C4E35-A27B-2DF1-D7AB-BD42286E4FD4}.Debug|Any CPU.Build.0 = Debug|Any CPU
		{AE5C4E35-A27B-2DF1-D7AB-BD42286E4FD4}.Release|Any CPU.ActiveCfg = Release|Any CPU
		{AE5C4E35-A27B-2DF1-D7AB-BD42286E4FD4}.Release|Any CPU.Build.0 = Release|Any CPU
	EndGlobalSection
	GlobalSection(SolutionProperties) = preSolution
		HideSolutionNode = FALSE
	EndGlobalSection
	GlobalSection(ExtensibilityGlobals) = postSolution
		SolutionGuid = {02DB748E-8B8C-4642-B28D-7134F6947433}
	EndGlobalSection
EndGlobal
